{
    "_meta": {
        "hash": {
            "sha256": "489c70d72b570d50b4ccf46a784ca4a914fbbf7d8a7c86b56e00d9b717b04ea3"
        },
        "pipfile-spec": 6,
        "requires": {
            "python_version": "3.7"
        },
        "sources": [
            {
                "name": "pypi",
                "url": "https://pypi.org/simple",
                "verify_ssl": true
            }
        ]
    },
    "default": {
        "grpcio": {
            "hashes": [
                "sha256:177fb72c6c8f89788d8065ee5dd239af7a7a26962a4d81777c156c4813ae87dc",
                "sha256:181c0066d0005f81f384cbeade9d5a41dee1e97dc9e6ba005122d4a753b1f056",
                "sha256:26860ffbb5830d3dca76955699996e59703a6b2d4f71c33617178817a6fea303",
                "sha256:277ab0a2c0eb503491300c89a34093caa33dbc5c05c5f49e3f01c65c5fbbeb83",
                "sha256:36719664bc1bf8db4027b576b0f65f36a6cbcea69fe522ea29ee9d02fb4191a5",
                "sha256:43caff66c30fcfcb59424ec121bac0db6b0831da1310e7ec7ec8ad847ecef30b",
                "sha256:4666caf3e642ece8119597482734ab16f14b5d842334b45267182aace0fb2dae",
                "sha256:48bb0526c612c0e5ae39d6e1f5d12eb75ee5e588560a86347dfc381717ed091d",
                "sha256:69d5bb14479be7d6c7097715c54eebbda2c0ba6a8e228aabc69f18e1fd6eaed4",
                "sha256:6aaf92894f12bc7d7c467e0b7f665a319a20b48d41297a3a77de95da8d03a73b",
                "sha256:739e97e7d25b5fb4ed3dc7daedd725a04e1caccce7bf7f2cbc6fa4efef975b05",
                "sha256:79977b7fd02f83ca1eb2489415509f13bf2ee16b49f53e1893547fa54a057242",
                "sha256:7ac4c298579015b84d612ac70ec7b7aeba44db7e87ac075402a3b20a4402553a",
                "sha256:7c0ebcbe5c52ca179fe3e47c3f12bb74d62227d762bb62a42d0fb6178a8b5845",
                "sha256:9207a8339078dc5558e5ae15a8e95012c31dcc317029224a159292c1cae382b2",
                "sha256:953a72d9f4f4f011789c6147fbe5e93419fdf3891d8ee5840fd9c7bd02960739",
                "sha256:9b93e74fceec8808e74a7cfde9f852d35f34283cf6441cdecbfbfb39611bd143",
                "sha256:9fe8d4d694b2ccb272473ac4b8813b3a649ea53448235b43759913c99fe5f0d0",
                "sha256:a4bde6b6800d82f772f72669d1772cf740d1aec5ca98c8edffa3dfd531ecf7c6",
                "sha256:a9d8f04e820dc20fa120e0af4f8e995155b8dcc475c34fb31be105c8eeac74c3",
                "sha256:bc26186dca4ee75dbe33a367217e7318f4fc135c5f02437e7f84fa853e9a877d",
                "sha256:ceaa0e4ea3259bea36d08f332e49bb28120669b651b1a50d64e553ac4add3a86",
                "sha256:d4fea86ed6c1585ac51cb15f2ae8d58feeebcdf11cb6de38807fffedb2e019b2",
                "sha256:d51a486a1cfdedb19d3f50e12c030841384f46fcb1ec0de216fc55a85e752321",
                "sha256:dc28b9ea5e6c2c75a54cd194c15a8a742a7ad710c1ccfca8e84d50420a2a1aef",
                "sha256:dd55e694ddd1c439fb933ac21c297a7e019c7db7b44178579822129cd28b8c44",
                "sha256:e20804844b4ce2db0f700762c352170a3957a80080703ee3a53cce2e72849d36",
                "sha256:ecbd9900d4237cdb166ab923a9c76ad16880d166494e04df58ae7f8e2a14a9dd",
                "sha256:f8c5c455e4a843500f236231fa250eb4e2e81c1e8f2280ae56f1ed3f25f8c332",
                "sha256:f9119f484a04ea1a006f4d7b4a9ca4a77ff91c5afd166a2aa0417e6bd5b4eb3b",
                "sha256:f936b811ecb44cf8a83c8b8fea7b9191e04f96d168681b2744a4b7c1b3812b34",
                "sha256:fa61afe6258f16efc4c6793a3a39bcd5a7eec43ea1789fa2d9e437a2e4dbeaf4"
            ],
            "index": "pypi",
            "version": "==1.20.0"
        },
        "grpcio-tools": {
            "hashes": [
                "sha256:007cb56c2201806d6d985458d4ae39b4de322f3f5e87de428c1936acee500ed4",
                "sha256:0b24e6d41bf067debea53f8bcb9d775ff9697b6b27af0a1fe4d61857c115107a",
                "sha256:0f39f634a961b2f5e54d675491956d8c4bba91cedfbc829d1a86b6f2aa54319b",
                "sha256:1496184a94d7f3bdae56207aa761301cc93a7941c82698252101064c7af3314f",
                "sha256:28d5fc1187a4b0e6b9028e5eca8c3b8133bd70439a40de86a4672128de7e02c0",
                "sha256:3872adecced29dffb11bb43ea6f9dc37b35c422adf6444836951950333614535",
                "sha256:45d79039654fc815bf9b1ff4abfbaa4799d1a298c6b180a434094d07d23e1621",
                "sha256:50b52a67802fc36177a683ff12b4e694c80c418eb2b192249cca07d9fc50906c",
                "sha256:54763a9764d7261950b6e071e67f3da25683b4184c9b0838f2d9ab743740c392",
                "sha256:56ade91dbe87db93466fb164d7ed991eb9abc8e874dd560146143f20b8d8baee",
                "sha256:5ac324e413cff6130a089d8d1848da897d78ddd2e23864af8d18979f29f0b353",
                "sha256:5adbdcc5a5a2ffa1d98c897e4f3e993d2683e9a0008b646760eecbdd42e8ccd5",
                "sha256:5f261e03b36b2de05069077710b1afef8ee51c2cf0b83d37dd4159bd9462eb76",
                "sha256:78ed74746cab6c519d9b504ab8e4178d39862182e1ae4f0728836455f0c47d5c",
                "sha256:7af450f5cbf15a6ed1c508c4a7e0a2d1cbb16060fcea68b8783ae4f126da569c",
                "sha256:80753c97c4bffcd94b5b36eb7bcc6c00d4d5eaa709f8a7efd8b8f2304173e9ff",
                "sha256:861970085d96f92a0f36a13c6030cc4f019782e78b56effaebe2066858f45f31",
                "sha256:949fe5ff104f30643729cef8f200e3b566caf10c009618bd63e34c5a8446b9b2",
                "sha256:952078102bd9015a6d7224d63d1a5c545b4f147a62bd2660de76de84e06a589a",
                "sha256:9916244064448c590dcb78c58c02ead315fd19563f2073dbb6139d87375660f0",
                "sha256:ac139f0bb14b16841b23f7284922b060bff66e845b164fdf4160aed51bdb707e",
                "sha256:b6f6eea8abe67eb783b7da51121b2a2c3fe74344d1fa2b1a2a34a0512a90460b",
                "sha256:c05f0f4bdd47a8438a79545387e59d00f028267de64fa7d328bf3c96057660b7",
                "sha256:c81fdb8ae6776c9a74992e7641ceb65be26853a1f5530e735f015305f0df27cd",
                "sha256:cc5552cd71e3f2003749afcfab7386445b774586201bdbf3c7cba077382c139e",
                "sha256:df72620dd2bf06eb5904e790a9252737f3ac9d2ced935fe323e86f0f46ebadc5",
                "sha256:e343a2bf772a295b5c64933827e209c9235c00d2d789ebf5e28f5c1d920cd21d",
                "sha256:e8d49d25e58187ef91be2cf94f939faa2b724e7cb772f2cf59c96277a282530d",
                "sha256:f04d926a119654c62033bf0e670b1a08899b3cdd893bfa73d22a0282f99ba1f8",
                "sha256:f81bdb1775c8800cdc1f4bd28bf6808717c4b751d782db5420367a1a620d206d",
                "sha256:fc022c8596f5460c126801e445a27a6425acb886f712e10b1e8615683681aa50",
                "sha256:fd3f5cb21c83a74b381f20f6d7a79429533725bca862f23ad463366f91b319f7"
            ],
            "index": "pypi",
            "version": "==1.20.0"
        },
        "protobuf": {
            "hashes": [
                "sha256:013a9ec4dccad9a6ed3aa1ad9e86a25a4e0d6d3bbe059b6f6502db20473c3e69",
                "sha256:0e00b4e4a4800b389ae7f0058e1fc9d012444fdde926569d8cce55c84a01ef74",
                "sha256:11f192d491613f692b3ddc18f06c925785b3019c8e35d32c811421ca9ff7d50e",
                "sha256:25f0ee57684f7bc3f0511b73cf55c016a891d09079c357794759663fe3da9cd3",
                "sha256:2ccc0169b5145b3af676b6997be6fe62961edfc12bb524a7b9c46fb5d208a3d4",
                "sha256:40f031f79b0254aa62082ca87776c0959d85adf99f09cdef9d0b320bb772a609",
                "sha256:44d824adb48fe8baf81e628c2edaf9911912cd592a83621d2b877ccfde631d61",
                "sha256:50f28efa66232a2fbbdd638dd61d9399ff66bcfde40ff305263b229692928081",
                "sha256:51e080fb1de5db54b0a6b1519ba8dda55e57404b0a4948e58f1342a3e15d89ec",
                "sha256:5c2ee13f5ea237a17bd81f52f972b7d334c0a43330d2a2a7b25b07f16eb146d8",
                "sha256:830a9c71df347b3fb3cd24ec985c4ed64f6e75983f543a1d8a3c96302dae915c",
                "sha256:867635c1d541ce336a1a4df3379d1116f02eba6dc326d080c8ef02f34036c415",
                "sha256:94b34486986d7683e83f9d02a0112533263fc20fae54fff3f4fd69451e682ec7",
                "sha256:ae4bcd5a0ce3f77d0523c3e5ed0d04ed2af454f7bf7cef08cb7a8d0915ac80a9",
                "sha256:b04449133e31b65924650d758efbc2397c2d0e5eb3c8cae7428ffc4fa9c3403d",
                "sha256:d892e487bd544463ce1e656434591593f710169335ac3f02ce30ee866c2f2464",
                "sha256:e9f13fadb15b80e4a83ef5d9fa44e19243b1e2d96e84ee2228ca305180ca059e",
                "sha256:ef69a10d45529a08367e70e736b3ce8e2af51360f23650ef1d4381ff9038467a",
                "sha256:f6d10b1f86cebb8008a256f474948fc6204391e02a9c12935eebf036bbb07b65",
                "sha256:fecf1b00ccc87bb8debca8b56458cc57c486d2d7afe22c7526728f79ffe232f4"
            ],
            "index": "pypi",
            "version": "==3.15.0"
        },
        "six": {
            "hashes": [
                "sha256:1e61c37477a1626458e36f7b1d82aa5c9b094fa4802892072e49de9c60c4c926",
                "sha256:8abb2f1d86890a2dfb989f9a77cfcfd3e47c2a354b01111771326f8aa26e0254"
            ],
            "markers": "python_version >= '2.7' and python_version not in '3.0, 3.1, 3.2, 3.3'",
            "version": "==1.16.0"
        }
    },
    "develop": {}
}
