{
    "_meta": {
        "hash": {
            "sha256": "489c70d72b570d50b4ccf46a784ca4a914fbbf7d8a7c86b56e00d9b717b04ea3"
        },
        "pipfile-spec": 6,
        "requires": {
            "python_version": "3.7"
        },
        "sources": [
            {
                "name": "pypi",
                "url": "https://pypi.org/simple",
                "verify_ssl": true
            }
        ]
    },
    "default": {
        "grpcio": {
            "hashes": [
                "sha256:0698c094688a2dd4c7c2f2c0e3e142cac439a64d1cef6904c97f6cde38ba422f",
                "sha256:104a2210edd3776c38448b4f76c2f16e527adafbde171fc72a8a32976c20abc7",
                "sha256:14817de09317dd7d3fbc8272864288320739973ef0f4b56bf2c0032349da8cdf",
                "sha256:1948539ce78805d4e6256ab0e048ec793956d54787dc9d6777df71c1d19c7f81",
                "sha256:19caa5b7282a89b799e63776ff602bb39604f7ca98db6df27e2de06756ae86c3",
                "sha256:1b172e6d497191940c4b8d75b53de82dc252e15b61de2951d577ec5b43316b29",
                "sha256:1c734a2d4843e4e14ececf5600c3c4750990ec319e1299db7e4f0d02c25c1467",
                "sha256:2a912397eb8d23c177d6d64e3c8bc46b8a1c7680b090d9f13a640b104aaec77c",
                "sha256:2eddaae8af625e45b5c8500dcca1043264d751a6872cde2eda5022df8a336959",
                "sha256:55930c56b8f5b347d6c8c609cc341949a97e176c90f5cbb01d148d778f3bbd23",
                "sha256:658ffe1e39171be00490db5bd3b966f79634ac4215a1eb9a85c6cd6783bf7f6e",
                "sha256:6601d812105583948ab9c6e403a7e2dba6e387cc678c010e74f2d6d589d1d1b3",
                "sha256:6b6d60b0958be711bab047e9f4df5dbbc40367955f8651232bfdcdd21450b9ab",
                "sha256:6beb84f83360ff29a3654f43f251ec11b809dcb5524b698d711550243debd289",
                "sha256:752d2949b40e12e6ad3ed8cc552a65b54d226504f6b1fb67cab2ccee502cc06f",
                "sha256:7dc8584ca6c015ad82e186e82f4c0fe977394588f66b8ecfc4ec873285314619",
                "sha256:82434ba3a5935e47908bc861ce1ebc43c2edfc1001d235d6e31e5d3ed55815f7",
                "sha256:8270d1dc2c98ab57e6dbf36fa187db8df4c036f04a398e5d5e25b4e01a766d70",
                "sha256:8a48fd3a7222be226bb86b7b413ad248f17f3101a524018cdc4562eeae1eb2a3",
                "sha256:95952d3fe795b06af29bb8ec7bbf3342cdd867fc17b77cc25e6733d23fa6c519",
                "sha256:976a7f24eb213e8429cab78d5e120500dfcdeb01041f1f5a77b17b9101902615",
                "sha256:9c84a481451e7174f3a764a44150f93b041ab51045aa33d7b5b68b6979114e48",
                "sha256:a34d6e905f071f9b945cabbcc776e2055de1fdb59cd13683d9aa0a8f265b5bf9",
                "sha256:a4952899b4931a6ba12951f9a141ef3e74ff8a6ec9aa2dc602afa40f63595e33",
                "sha256:a96c3c7f564b263c5d7c0e49a337166c8611e89c4c919f66dba7b9a84abad137",
                "sha256:aef7d30242409c3aa5839b501e877e453a2c8d3759ca8230dd5a21cda029f046",
                "sha256:b5bd026ac928c96cc23149e6ef79183125542062eb6d1ccec34c0a37e02255e7",
                "sha256:b6a2ead3de3b2d53119d473aa2f224030257ef33af1e4ddabd4afee1dea5f04c",
                "sha256:ba074af9ca268ad7b05d3fc2b920b5fb3c083da94ab63637aaf67f4f71ecb755",
                "sha256:c5fb6f3d7824696c1c9f2ad36ddb080ba5a86f2d929ef712d511b4d9972d3d27",
                "sha256:c705e0c21acb0e8478a00e7e773ad0ecdb34bd0e4adc282d3d2f51ba3961aac7",
                "sha256:c7ad9fbedb93f331c2e9054e202e95cf825b885811f1bcbbdfdc301e451442db",
                "sha256:da95778d37be8e4e9afca771a83424f892296f5dfb2a100eda2571a1d8bbc0dc",
                "sha256:dad5b302a4c21c604d88a5d441973f320134e6ff6a84ecef9c1139e5ffd466f6",
                "sha256:dbc1ba968639c1d23476f75c356e549e7bbf2d8d6688717dcab5290e88e8482b",
                "sha256:ddb2511fbbb440ed9e5c9a4b9b870f2ed649b7715859fd6f2ebc585ee85c0364",
                "sha256:df9ba1183b3f649210788cf80c239041dddcb375d6142d8bccafcfdf549522cd",
                "sha256:e4f513d63df6336fd84b74b701f17d1bb3b64e9d78a6ed5b5e8a198bbbe8bbfa",
                "sha256:e6f90698b5d1c5dd7b3236cd1fa959d7b80e17923f918d5be020b65f1c78b173",
                "sha256:eaf8e3b97caaf9415227a3c6ca5aa8d800fecadd526538d2bf8f11af783f1550",
                "sha256:ee81349411648d1abc94095c68cd25e3c2812e4e0367f9a9355be1e804a5135c",
                "sha256:f144a790f14c51b8a8e591eb5af40507ffee45ea6b818c2482f0457fec2e1a2e",
                "sha256:f3e837d29f0e1b9d6e7b29d569e2e9b0da61889e41879832ea15569c251c303a",
                "sha256:fa8eaac75d3107e3f5465f2c9e3bbd13db21790c6e45b7de1756eba16b050aca",
                "sha256:fdc6191587de410a184550d4143e2b24a14df495c86ca15e59508710681690ac"
            ],
            "index": "pypi",
            "version": "==1.53.0"
        },
        "grpcio-tools": {
            "hashes": [
                "sha256:007cb56c2201806d6d985458d4ae39b4de322f3f5e87de428c1936acee500ed4",
                "sha256:0b24e6d41bf067debea53f8bcb9d775ff9697b6b27af0a1fe4d61857c115107a",
                "sha256:0f39f634a961b2f5e54d675491956d8c4bba91cedfbc829d1a86b6f2aa54319b",
                "sha256:1496184a94d7f3bdae56207aa761301cc93a7941c82698252101064c7af3314f",
                "sha256:28d5fc1187a4b0e6b9028e5eca8c3b8133bd70439a40de86a4672128de7e02c0",
                "sha256:3872adecced29dffb11bb43ea6f9dc37b35c422adf6444836951950333614535",
                "sha256:45d79039654fc815bf9b1ff4abfbaa4799d1a298c6b180a434094d07d23e1621",
                "sha256:50b52a67802fc36177a683ff12b4e694c80c418eb2b192249cca07d9fc50906c",
                "sha256:54763a9764d7261950b6e071e67f3da25683b4184c9b0838f2d9ab743740c392",
                "sha256:56ade91dbe87db93466fb164d7ed991eb9abc8e874dd560146143f20b8d8baee",
                "sha256:5ac324e413cff6130a089d8d1848da897d78ddd2e23864af8d18979f29f0b353",
                "sha256:5adbdcc5a5a2ffa1d98c897e4f3e993d2683e9a0008b646760eecbdd42e8ccd5",
                "sha256:5f261e03b36b2de05069077710b1afef8ee51c2cf0b83d37dd4159bd9462eb76",
                "sha256:78ed74746cab6c519d9b504ab8e4178d39862182e1ae4f0728836455f0c47d5c",
                "sha256:7af450f5cbf15a6ed1c508c4a7e0a2d1cbb16060fcea68b8783ae4f126da569c",
                "sha256:80753c97c4bffcd94b5b36eb7bcc6c00d4d5eaa709f8a7efd8b8f2304173e9ff",
                "sha256:861970085d96f92a0f36a13c6030cc4f019782e78b56effaebe2066858f45f31",
                "sha256:949fe5ff104f30643729cef8f200e3b566caf10c009618bd63e34c5a8446b9b2",
                "sha256:952078102bd9015a6d7224d63d1a5c545b4f147a62bd2660de76de84e06a589a",
                "sha256:9916244064448c590dcb78c58c02ead315fd19563f2073dbb6139d87375660f0",
                "sha256:ac139f0bb14b16841b23f7284922b060bff66e845b164fdf4160aed51bdb707e",
                "sha256:b6f6eea8abe67eb783b7da51121b2a2c3fe74344d1fa2b1a2a34a0512a90460b",
                "sha256:c05f0f4bdd47a8438a79545387e59d00f028267de64fa7d328bf3c96057660b7",
                "sha256:c81fdb8ae6776c9a74992e7641ceb65be26853a1f5530e735f015305f0df27cd",
                "sha256:cc5552cd71e3f2003749afcfab7386445b774586201bdbf3c7cba077382c139e",
                "sha256:df72620dd2bf06eb5904e790a9252737f3ac9d2ced935fe323e86f0f46ebadc5",
                "sha256:e343a2bf772a295b5c64933827e209c9235c00d2d789ebf5e28f5c1d920cd21d",
                "sha256:e8d49d25e58187ef91be2cf94f939faa2b724e7cb772f2cf59c96277a282530d",
                "sha256:f04d926a119654c62033bf0e670b1a08899b3cdd893bfa73d22a0282f99ba1f8",
                "sha256:f81bdb1775c8800cdc1f4bd28bf6808717c4b751d782db5420367a1a620d206d",
                "sha256:fc022c8596f5460c126801e445a27a6425acb886f712e10b1e8615683681aa50",
                "sha256:fd3f5cb21c83a74b381f20f6d7a79429533725bca862f23ad463366f91b319f7"
            ],
            "index": "pypi",
            "version": "==1.20.0"
        },
        "protobuf": {
            "hashes": [
                "sha256:0149053336a466e3e0b040e54d0b615fc71de86da66791c592cc3c8d18150bf8",
                "sha256:08fe19d267608d438aa37019236db02b306e33f6b9902c3163838b8e75970223",
                "sha256:29660574cd769f2324a57fb78127cda59327eb6664381ecfe1c69731b83e8288",
                "sha256:2991f5e7690dab569f8f81702e6700e7364cc3b5e572725098215d3da5ccc6ac",
                "sha256:3b01a5274ac920feb75d0b372d901524f7e3ad39c63b1a2d55043f3887afe0c1",
                "sha256:3bcbeb2bf4bb61fe960dd6e005801a23a43578200ea8ceb726d1f6bd0e562ba1",
                "sha256:447b9786ac8e50ae72cae7a2eec5c5df6a9dbf9aa6f908f1b8bda6032644ea62",
                "sha256:514b6bbd54a41ca50c86dd5ad6488afe9505901b3557c5e0f7823a0cf67106fb",
                "sha256:5cb9e41188737f321f4fce9a4337bf40a5414b8d03227e1d9fbc59bc3a216e35",
                "sha256:7a92beb30600332a52cdadbedb40d33fd7c8a0d7f549c440347bc606fb3fe34b",
                "sha256:84ea0bd90c2fdd70ddd9f3d3fc0197cc24ecec1345856c2b5ba70e4d99815359",
                "sha256:aca6e86a08c5c5962f55eac9b5bd6fce6ed98645d77e8bfc2b952ecd4a8e4f6a",
                "sha256:cc14358a8742c4e06b1bfe4be1afbdf5c9f6bd094dff3e14edb78a1513893ff5"
            ],
            "markers": "python_version >= '3.7'",
            "version": "==4.23.3"
        }
    },
    "develop": {}
}
